// !$*UTF8*$!
{
	archiveVersion = 1;
	classes = {
	};
	objectVersion = 50;
	objects = {

/* Begin PBXBuildFile section */
		CC1033D522EA0B0000B10B4F /* AppDelegate.swift in Sources */ = {isa = PBXBuildFile; fileRef = CC1033D422EA0B0000B10B4F /* AppDelegate.swift */; };
		CC1033D722EA0B0000B10B4F /* ViewController.swift in Sources */ = {isa = PBXBuildFile; fileRef = CC1033D622EA0B0000B10B4F /* ViewController.swift */; };
		CC1033DA22EA0B0000B10B4F /* Main.storyboard in Resources */ = {isa = PBXBuildFile; fileRef = CC1033D822EA0B0000B10B4F /* Main.storyboard */; };
		CC1033DC22EA0B0100B10B4F /* Assets.xcassets in Resources */ = {isa = PBXBuildFile; fileRef = CC1033DB22EA0B0100B10B4F /* Assets.xcassets */; };
		CC1033DF22EA0B0100B10B4F /* LaunchScreen.storyboard in Resources */ = {isa = PBXBuildFile; fileRef = CC1033DD22EA0B0100B10B4F /* LaunchScreen.storyboard */; };
		CC1033EA22EA0B0100B10B4F /* LoginTests.swift in Sources */ = {isa = PBXBuildFile; fileRef = CC1033E922EA0B0100B10B4F /* LoginTests.swift */; };
		CC1033F522EA0B0200B10B4F /* LoginUITests.swift in Sources */ = {isa = PBXBuildFile; fileRef = CC1033F422EA0B0200B10B4F /* LoginUITests.swift */; };
/* End PBXBuildFile section */

/* Begin PBXContainerItemProxy section */
		CC1033E622EA0B0100B10B4F /* PBXContainerItemProxy */ = {
			isa = PBXContainerItemProxy;
			containerPortal = CC1033C922EA0B0000B10B4F /* Project object */;
			proxyType = 1;
			remoteGlobalIDString = CC1033D022EA0B0000B10B4F;
			remoteInfo = Login;
		};
		CC1033F122EA0B0200B10B4F /* PBXContainerItemProxy */ = {
			isa = PBXContainerItemProxy;
			containerPortal = CC1033C922EA0B0000B10B4F /* Project object */;
			proxyType = 1;
			remoteGlobalIDString = CC1033D022EA0B0000B10B4F;
			remoteInfo = Login;
		};
/* End PBXContainerItemProxy section */

/* Begin PBXFileReference section */
		CC1033D122EA0B0000B10B4F /* Login.app */ = {isa = PBXFileReference; explicitFileType = wrapper.application; includeInIndex = 0; path = Login.app; sourceTree = BUILT_PRODUCTS_DIR; };
		CC1033D422EA0B0000B10B4F /* AppDelegate.swift */ = {isa = PBXFileReference; lastKnownFileType = sourcecode.swift; path = AppDelegate.swift; sourceTree = "<group>"; };
		CC1033D622EA0B0000B10B4F /* ViewController.swift */ = {isa = PBXFileReference; lastKnownFileType = sourcecode.swift; path = ViewController.swift; sourceTree = "<group>"; };
		CC1033D922EA0B0000B10B4F /* Base */ = {isa = PBXFileReference; lastKnownFileType = file.storyboard; name = Base; path = Base.lproj/Main.storyboard; sourceTree = "<group>"; };
		CC1033DB22EA0B0100B10B4F /* Assets.xcassets */ = {isa = PBXFileReference; lastKnownFileType = folder.assetcatalog; path = Assets.xcassets; sourceTree = "<group>"; };
		CC1033DE22EA0B0100B10B4F /* Base */ = {isa = PBXFileReference; lastKnownFileType = file.storyboard; name = Base; path = Base.lproj/LaunchScreen.storyboard; sourceTree = "<group>"; };
		CC1033E022EA0B0100B10B4F /* Info.plist */ = {isa = PBXFileReference; lastKnownFileType = text.plist.xml; path = Info.plist; sourceTree = "<group>"; };
		CC1033E522EA0B0100B10B4F /* LoginTests.xctest */ = {isa = PBXFileReference; explicitFileType = wrapper.cfbundle; includeInIndex = 0; path = LoginTests.xctest; sourceTree = BUILT_PRODUCTS_DIR; };
		CC1033E922EA0B0100B10B4F /* LoginTests.swift */ = {isa = PBXFileReference; lastKnownFileType = sourcecode.swift; path = LoginTests.swift; sourceTree = "<group>"; };
		CC1033EB22EA0B0100B10B4F /* Info.plist */ = {isa = PBXFileReference; lastKnownFileType = text.plist.xml; path = Info.plist; sourceTree = "<group>"; };
		CC1033F022EA0B0200B10B4F /* LoginUITests.xctest */ = {isa = PBXFileReference; explicitFileType = wrapper.cfbundle; includeInIndex = 0; path = LoginUITests.xctest; sourceTree = BUILT_PRODUCTS_DIR; };
		CC1033F422EA0B0200B10B4F /* LoginUITests.swift */ = {isa = PBXFileReference; lastKnownFileType = sourcecode.swift; path = LoginUITests.swift; sourceTree = "<group>"; };
		CC1033F622EA0B0200B10B4F /* Info.plist */ = {isa = PBXFileReference; lastKnownFileType = text.plist.xml; path = Info.plist; sourceTree = "<group>"; };
/* End PBXFileReference section */

/* Begin PBXFrameworksBuildPhase section */
		CC1033CE22EA0B0000B10B4F /* Frameworks */ = {
			isa = PBXFrameworksBuildPhase;
			buildActionMask = 2147483647;
			files = (
			);
			runOnlyForDeploymentPostprocessing = 0;
		};
		CC1033E222EA0B0100B10B4F /* Frameworks */ = {
			isa = PBXFrameworksBuildPhase;
			buildActionMask = 2147483647;
			files = (
			);
			runOnlyForDeploymentPostprocessing = 0;
		};
		CC1033ED22EA0B0200B10B4F /* Frameworks */ = {
			isa = PBXFrameworksBuildPhase;
			buildActionMask = 2147483647;
			files = (
			);
			runOnlyForDeploymentPostprocessing = 0;
		};
/* End PBXFrameworksBuildPhase section */

/* Begin PBXGroup section */
		CC1033C822EA0B0000B10B4F = {
			isa = PBXGroup;
			children = (
				CC1033D322EA0B0000B10B4F /* Login */,
				CC1033E822EA0B0100B10B4F /* LoginTests */,
				CC1033F322EA0B0200B10B4F /* LoginUITests */,
				CC1033D222EA0B0000B10B4F /* Products */,
			);
			sourceTree = "<group>";
		};
		CC1033D222EA0B0000B10B4F /* Products */ = {
			isa = PBXGroup;
			children = (
				CC1033D122EA0B0000B10B4F /* Login.app */,
				CC1033E522EA0B0100B10B4F /* LoginTests.xctest */,
				CC1033F022EA0B0200B10B4F /* LoginUITests.xctest */,
			);
			name = Products;
			sourceTree = "<group>";
		};
		CC1033D322EA0B0000B10B4F /* Login */ = {
			isa = PBXGroup;
			children = (
				CC1033D422EA0B0000B10B4F /* AppDelegate.swift */,
				CC1033D622EA0B0000B10B4F /* ViewController.swift */,
				CC1033D822EA0B0000B10B4F /* Main.storyboard */,
				CC1033DB22EA0B0100B10B4F /* Assets.xcassets */,
				CC1033DD22EA0B0100B10B4F /* LaunchScreen.storyboard */,
				CC1033E022EA0B0100B10B4F /* Info.plist */,
			);
			path = Login;
			sourceTree = "<group>";
		};
		CC1033E822EA0B0100B10B4F /* LoginTests */ = {
			isa = PBXGroup;
			children = (
				CC1033E922EA0B0100B10B4F /* LoginTests.swift */,
				CC1033EB22EA0B0100B10B4F /* Info.plist */,
			);
			path = LoginTests;
			sourceTree = "<group>";
		};
		CC1033F322EA0B0200B10B4F /* LoginUITests */ = {
			isa = PBXGroup;
			children = (
				CC1033F422EA0B0200B10B4F /* LoginUITests.swift */,
				CC1033F622EA0B0200B10B4F /* Info.plist */,
			);
			path = LoginUITests;
			sourceTree = "<group>";
		};
/* End PBXGroup section */

/* Begin PBXNativeTarget section */
		CC1033D022EA0B0000B10B4F /* Login */ = {
			isa = PBXNativeTarget;
			buildConfigurationList = CC1033F922EA0B0200B10B4F /* Build configuration list for PBXNativeTarget "Login" */;
			buildPhases = (
				CC1033CD22EA0B0000B10B4F /* Sources */,
				CC1033CE22EA0B0000B10B4F /* Frameworks */,
				CC1033CF22EA0B0000B10B4F /* Resources */,
			);
			buildRules = (
			);
			dependencies = (
			);
			name = Login;
			productName = Login;
			productReference = CC1033D122EA0B0000B10B4F /* Login.app */;
			productType = "com.apple.product-type.application";
		};
		CC1033E422EA0B0100B10B4F /* LoginTests */ = {
			isa = PBXNativeTarget;
			buildConfigurationList = CC1033FC22EA0B0200B10B4F /* Build configuration list for PBXNativeTarget "LoginTests" */;
			buildPhases = (
				CC1033E122EA0B0100B10B4F /* Sources */,
				CC1033E222EA0B0100B10B4F /* Frameworks */,
				CC1033E322EA0B0100B10B4F /* Resources */,
			);
			buildRules = (
			);
			dependencies = (
				CC1033E722EA0B0100B10B4F /* PBXTargetDependency */,
			);
			name = LoginTests;
			productName = LoginTests;
			productReference = CC1033E522EA0B0100B10B4F /* LoginTests.xctest */;
			productType = "com.apple.product-type.bundle.unit-test";
		};
		CC1033EF22EA0B0200B10B4F /* LoginUITests */ = {
			isa = PBXNativeTarget;
			buildConfigurationList = CC1033FF22EA0B0200B10B4F /* Build configuration list for PBXNativeTarget "LoginUITests" */;
			buildPhases = (
				CC1033EC22EA0B0200B10B4F /* Sources */,
				CC1033ED22EA0B0200B10B4F /* Frameworks */,
				CC1033EE22EA0B0200B10B4F /* Resources */,
			);
			buildRules = (
			);
			dependencies = (
				CC1033F222EA0B0200B10B4F /* PBXTargetDependency */,
			);
			name = LoginUITests;
			productName = LoginUITests;
			productReference = CC1033F022EA0B0200B10B4F /* LoginUITests.xctest */;
			productType = "com.apple.product-type.bundle.ui-testing";
		};
/* End PBXNativeTarget section */

/* Begin PBXProject section */
		CC1033C922EA0B0000B10B4F /* Project object */ = {
			isa = PBXProject;
			attributes = {
				LastSwiftUpdateCheck = 1010;
				LastUpgradeCheck = 1010;
				ORGANIZATIONNAME = "OH Apple One Summer Chicago";
				TargetAttributes = {
					CC1033D022EA0B0000B10B4F = {
						CreatedOnToolsVersion = 10.1;
					};
					CC1033E422EA0B0100B10B4F = {
						CreatedOnToolsVersion = 10.1;
						TestTargetID = CC1033D022EA0B0000B10B4F;
					};
					CC1033EF22EA0B0200B10B4F = {
						CreatedOnToolsVersion = 10.1;
						TestTargetID = CC1033D022EA0B0000B10B4F;
					};
				};
			};
			buildConfigurationList = CC1033CC22EA0B0000B10B4F /* Build configuration list for PBXProject "Login" */;
			compatibilityVersion = "Xcode 9.3";
			developmentRegion = en;
			hasScannedForEncodings = 0;
			knownRegions = (
				en,
				Base,
			);
			mainGroup = CC1033C822EA0B0000B10B4F;
			productRefGroup = CC1033D222EA0B0000B10B4F /* Products */;
			projectDirPath = "";
			projectRoot = "";
			targets = (
				CC1033D022EA0B0000B10B4F /* Login */,
				CC1033E422EA0B0100B10B4F /* LoginTests */,
				CC1033EF22EA0B0200B10B4F /* LoginUITests */,
			);
		};
/* End PBXProject section */

/* Begin PBXResourcesBuildPhase section */
		CC1033CF22EA0B0000B10B4F /* Resources */ = {
			isa = PBXResourcesBuildPhase;
			buildActionMask = 2147483647;
			files = (
				CC1033DF22EA0B0100B10B4F /* LaunchScreen.storyboard in Resources */,
				CC1033DC22EA0B0100B10B4F /* Assets.xcassets in Resources */,
				CC1033DA22EA0B0000B10B4F /* Main.storyboard in Resources */,
			);
			runOnlyForDeploymentPostprocessing = 0;
		};
		CC1033E322EA0B0100B10B4F /* Resources */ = {
			isa = PBXResourcesBuildPhase;
			buildActionMask = 2147483647;
			files = (
			);
			runOnlyForDeploymentPostprocessing = 0;
		};
		CC1033EE22EA0B0200B10B4F /* Resources */ = {
			isa = PBXResourcesBuildPhase;
			buildActionMask = 2147483647;
			files = (
			);
			runOnlyForDeploymentPostprocessing = 0;
		};
/* End PBXResourcesBuildPhase section */

/* Begin PBXSourcesBuildPhase section */
		CC1033CD22EA0B0000B10B4F /* Sources */ = {
			isa = PBXSourcesBuildPhase;
			buildActionMask = 2147483647;
			files = (
				CC1033D722EA0B0000B10B4F /* ViewController.swift in Sources */,
				CC1033D522EA0B0000B10B4F /* AppDelegate.swift in Sources */,
			);
			runOnlyForDeploymentPostprocessing = 0;
		};
		CC1033E122EA0B0100B10B4F /* Sources */ = {
			isa = PBXSourcesBuildPhase;
			buildActionMask = 2147483647;
			files = (
				CC1033EA22EA0B0100B10B4F /* LoginTests.swift in Sources */,
			);
			runOnlyForDeploymentPostprocessing = 0;
		};
		CC1033EC22EA0B0200B10B4F /* Sources */ = {
			isa = PBXSourcesBuildPhase;
			buildActionMask = 2147483647;
			files = (
				CC1033F522EA0B0200B10B4F /* LoginUITests.swift in Sources */,
			);
			runOnlyForDeploymentPostprocessing = 0;
		};
/* End PBXSourcesBuildPhase section */

/* Begin PBXTargetDependency section */
		CC1033E722EA0B0100B10B4F /* PBXTargetDependency */ = {
			isa = PBXTargetDependency;
			target = CC1033D022EA0B0000B10B4F /* Login */;
			targetProxy = CC1033E622EA0B0100B10B4F /* PBXContainerItemProxy */;
		};
		CC1033F222EA0B0200B10B4F /* PBXTargetDependency */ = {
			isa = PBXTargetDependency;
			target = CC1033D022EA0B0000B10B4F /* Login */;
			targetProxy = CC1033F122EA0B0200B10B4F /* PBXContainerItemProxy */;
		};
/* End PBXTargetDependency section */

/* Begin PBXVariantGroup section */
		CC1033D822EA0B0000B10B4F /* Main.storyboard */ = {
			isa = PBXVariantGroup;
			children = (
				CC1033D922EA0B0000B10B4F /* Base */,
			);
			name = Main.storyboard;
			sourceTree = "<group>";
		};
		CC1033DD22EA0B0100B10B4F /* LaunchScreen.storyboard */ = {
			isa = PBXVariantGroup;
			children = (
				CC1033DE22EA0B0100B10B4F /* Base */,
			);
			name = LaunchScreen.storyboard;
			sourceTree = "<group>";
		};
/* End PBXVariantGroup section */

/* Begin XCBuildConfiguration section */
		CC1033F722EA0B0200B10B4F /* Debug */ = {
			isa = XCBuildConfiguration;
			buildSettings = {
				ALWAYS_SEARCH_USER_PATHS = NO;
				CLANG_ANALYZER_NONNULL = YES;
				CLANG_ANALYZER_NUMBER_OBJECT_CONVERSION = YES_AGGRESSIVE;
				CLANG_CXX_LANGUAGE_STANDARD = "gnu++14";
				CLANG_CXX_LIBRARY = "libc++";
				CLANG_ENABLE_MODULES = YES;
				CLANG_ENABLE_OBJC_ARC = YES;
				CLANG_ENABLE_OBJC_WEAK = YES;
				CLANG_WARN_BLOCK_CAPTURE_AUTORELEASING = YES;
				CLANG_WARN_BOOL_CONVERSION = YES;
				CLANG_WARN_COMMA = YES;
				CLANG_WARN_CONSTANT_CONVERSION = YES;
				CLANG_WARN_DEPRECATED_OBJC_IMPLEMENTATIONS = YES;
				CLANG_WARN_DIRECT_OBJC_ISA_USAGE = YES_ERROR;
				CLANG_WARN_DOCUMENTATION_COMMENTS = YES;
				CLANG_WARN_EMPTY_BODY = YES;
				CLANG_WARN_ENUM_CONVERSION = YES;
				CLANG_WARN_INFINITE_RECURSION = YES;
				CLANG_WARN_INT_CONVERSION = YES;
				CLANG_WARN_NON_LITERAL_NULL_CONVERSION = YES;
				CLANG_WARN_OBJC_IMPLICIT_RETAIN_SELF = YES;
				CLANG_WARN_OBJC_LITERAL_CONVERSION = YES;
				CLANG_WARN_OBJC_ROOT_CLASS = YES_ERROR;
				CLANG_WARN_RANGE_LOOP_ANALYSIS = YES;
				CLANG_WARN_STRICT_PROTOTYPES = YES;
				CLANG_WARN_SUSPICIOUS_MOVE = YES;
				CLANG_WARN_UNGUARDED_AVAILABILITY = YES_AGGRESSIVE;
				CLANG_WARN_UNREACHABLE_CODE = YES;
				CLANG_WARN__DUPLICATE_METHOD_MATCH = YES;
				CODE_SIGN_IDENTITY = "iPhone Developer";
				COPY_PHASE_STRIP = NO;
				DEBUG_INFORMATION_FORMAT = dwarf;
				ENABLE_STRICT_OBJC_MSGSEND = YES;
				ENABLE_TESTABILITY = YES;
				GCC_C_LANGUAGE_STANDARD = gnu11;
				GCC_DYNAMIC_NO_PIC = NO;
				GCC_NO_COMMON_BLOCKS = YES;
				GCC_OPTIMIZATION_LEVEL = 0;
				GCC_PREPROCESSOR_DEFINITIONS = (
					"DEBUG=1",
					"$(inherited)",
				);
				GCC_WARN_64_TO_32_BIT_CONVERSION = YES;
				GCC_WARN_ABOUT_RETURN_TYPE = YES_ERROR;
				GCC_WARN_UNDECLARED_SELECTOR = YES;
				GCC_WARN_UNINITIALIZED_AUTOS = YES_AGGRESSIVE;
				GCC_WARN_UNUSED_FUNCTION = YES;
				GCC_WARN_UNUSED_VARIABLE = YES;
				IPHONEOS_DEPLOYMENT_TARGET = 12.1;
				MTL_ENABLE_DEBUG_INFO = INCLUDE_SOURCE;
				MTL_FAST_MATH = YES;
				ONLY_ACTIVE_ARCH = YES;
				SDKROOT = iphoneos;
				SWIFT_ACTIVE_COMPILATION_CONDITIONS = DEBUG;
				SWIFT_OPTIMIZATION_LEVEL = "-Onone";
			};
			name = Debug;
		};
		CC1033F822EA0B0200B10B4F /* Release */ = {
			isa = XCBuildConfiguration;
			buildSettings = {
				ALWAYS_SEARCH_USER_PATHS = NO;
				CLANG_ANALYZER_NONNULL = YES;
				CLANG_ANALYZER_NUMBER_OBJECT_CONVERSION = YES_AGGRESSIVE;
				CLANG_CXX_LANGUAGE_STANDARD = "gnu++14";
				CLANG_CXX_LIBRARY = "libc++";
				CLANG_ENABLE_MODULES = YES;
				CLANG_ENABLE_OBJC_ARC = YES;
				CLANG_ENABLE_OBJC_WEAK = YES;
				CLANG_WARN_BLOCK_CAPTURE_AUTORELEASING = YES;
				CLANG_WARN_BOOL_CONVERSION = YES;
				CLANG_WARN_COMMA = YES;
				CLANG_WARN_CONSTANT_CONVERSION = YES;
				CLANG_WARN_DEPRECATED_OBJC_IMPLEMENTATIONS = YES;
				CLANG_WARN_DIRECT_OBJC_ISA_USAGE = YES_ERROR;
				CLANG_WARN_DOCUMENTATION_COMMENTS = YES;
				CLANG_WARN_EMPTY_BODY = YES;
				CLANG_WARN_ENUM_CONVERSION = YES;
				CLANG_WARN_INFINITE_RECURSION = YES;
				CLANG_WARN_INT_CONVERSION = YES;
				CLANG_WARN_NON_LITERAL_NULL_CONVERSION = YES;
				CLANG_WARN_OBJC_IMPLICIT_RETAIN_SELF = YES;
				CLANG_WARN_OBJC_LITERAL_CONVERSION = YES;
				CLANG_WARN_OBJC_ROOT_CLASS = YES_ERROR;
				CLANG_WARN_RANGE_LOOP_ANALYSIS = YES;
				CLANG_WARN_STRICT_PROTOTYPES = YES;
				CLANG_WARN_SUSPICIOUS_MOVE = YES;
				CLANG_WARN_UNGUARDED_AVAILABILITY = YES_AGGRESSIVE;
				CLANG_WARN_UNREACHABLE_CODE = YES;
				CLANG_WARN__DUPLICATE_METHOD_MATCH = YES;
				CODE_SIGN_IDENTITY = "iPhone Developer";
				COPY_PHASE_STRIP = NO;
				DEBUG_INFORMATION_FORMAT = "dwarf-with-dsym";
				ENABLE_NS_ASSERTIONS = NO;
				ENABLE_STRICT_OBJC_MSGSEND = YES;
				GCC_C_LANGUAGE_STANDARD = gnu11;
				GCC_NO_COMMON_BLOCKS = YES;
				GCC_WARN_64_TO_32_BIT_CONVERSION = YES;
				GCC_WARN_ABOUT_RETURN_TYPE = YES_ERROR;
				GCC_WARN_UNDECLARED_SELECTOR = YES;
				GCC_WARN_UNINITIALIZED_AUTOS = YES_AGGRESSIVE;
				GCC_WARN_UNUSED_FUNCTION = YES;
				GCC_WARN_UNUSED_VARIABLE = YES;
				IPHONEOS_DEPLOYMENT_TARGET = 12.1;
				MTL_ENABLE_DEBUG_INFO = NO;
				MTL_FAST_MATH = YES;
				SDKROOT = iphoneos;
				SWIFT_COMPILATION_MODE = wholemodule;
				SWIFT_OPTIMIZATION_LEVEL = "-O";
				VALIDATE_PRODUCT = YES;
			};
			name = Release;
		};
		CC1033FA22EA0B0200B10B4F /* Debug */ = {
			isa = XCBuildConfiguration;
			buildSettings = {
				ASSETCATALOG_COMPILER_APPICON_NAME = AppIcon;
				CODE_SIGN_STYLE = Automatic;
				DEVELOPMENT_TEAM = Y3ZZN8K8BV;
				INFOPLIST_FILE = Login/Info.plist;
				LD_RUNPATH_SEARCH_PATHS = (
					"$(inherited)",
					"@executable_path/Frameworks",
				);
				PRODUCT_BUNDLE_IDENTIFIER = iamkaivianna.Login;
				PRODUCT_NAME = "$(TARGET_NAME)";
				SWIFT_VERSION = 4.2;
				TARGETED_DEVICE_FAMILY = "1,2";
			};
			name = Debug;
		};
		CC1033FB22EA0B0200B10B4F /* Release */ = {
			isa = XCBuildConfiguration;
			buildSettings = {
				ASSETCATALOG_COMPILER_APPICON_NAME = AppIcon;
				CODE_SIGN_STYLE = Automatic;
				DEVELOPMENT_TEAM = Y3ZZN8K8BV;
				INFOPLIST_FILE = Login/Info.plist;
				LD_RUNPATH_SEARCH_PATHS = (
					"$(inherited)",
					"@executable_path/Frameworks",
				);
				PRODUCT_BUNDLE_IDENTIFIER = iamkaivianna.Login;
				PRODUCT_NAME = "$(TARGET_NAME)";
				SWIFT_VERSION = 4.2;
				TARGETED_DEVICE_FAMILY = "1,2";
			};
			name = Release;
		};
		CC1033FD22EA0B0200B10B4F /* Debug */ = {
			isa = XCBuildConfiguration;
			buildSettings = {
				ALWAYS_EMBED_SWIFT_STANDARD_LIBRARIES = YES;
				BUNDLE_LOADER = "$(TEST_HOST)";
				CODE_SIGN_STYLE = Automatic;
				DEVELOPMENT_TEAM = Y3ZZN8K8BV;
				INFOPLIST_FILE = LoginTests/Info.plist;
				LD_RUNPATH_SEARCH_PATHS = (
					"$(inherited)",
					"@executable_path/Frameworks",
					"@loader_path/Frameworks",
				);
				PRODUCT_BUNDLE_IDENTIFIER = iamkaivianna.LoginTests;
				PRODUCT_NAME = "$(TARGET_NAME)";
				SWIFT_VERSION = 4.2;
				TARGETED_DEVICE_FAMILY = "1,2";
				TEST_HOST = "$(BUILT_PRODUCTS_DIR)/Login.app/Login";
			};
			name = Debug;
		};
		CC1033FE22EA0B0200B10B4F /* Release */ = {
			isa = XCBuildConfiguration;
			buildSettings = {
				ALWAYS_EMBED_SWIFT_STANDARD_LIBRARIES = YES;
				BUNDLE_LOADER = "$(TEST_HOST)";
				CODE_SIGN_STYLE = Automatic;
				DEVELOPMENT_TEAM = Y3ZZN8K8BV;
				INFOPLIST_FILE = LoginTests/Info.plist;
				LD_RUNPATH_SEARCH_PATHS = (
					"$(inherited)",
					"@executable_path/Frameworks",
					"@loader_path/Frameworks",
				);
				PRODUCT_BUNDLE_IDENTIFIER = iamkaivianna.LoginTests;
				PRODUCT_NAME = "$(TARGET_NAME)";
				SWIFT_VERSION = 4.2;
				TARGETED_DEVICE_FAMILY = "1,2";
				TEST_HOST = "$(BUILT_PRODUCTS_DIR)/Login.app/Login";
			};
			name = Release;
		};
		CC10340022EA0B0200B10B4F /* Debug */ = {
			isa = XCBuildConfiguration;
			buildSettings = {
				ALWAYS_EMBED_SWIFT_STANDARD_LIBRARIES = YES;
				CODE_SIGN_STYLE = Automatic;
				DEVELOPMENT_TEAM = Y3ZZN8K8BV;
				INFOPLIST_FILE = LoginUITests/Info.plist;
				LD_RUNPATH_SEARCH_PATHS = (
					"$(inherited)",
					"@executable_path/Frameworks",
					"@loader_path/Frameworks",
				);
				PRODUCT_BUNDLE_IDENTIFIER = iamkaivianna.LoginUITests;
				PRODUCT_NAME = "$(TARGET_NAME)";
				SWIFT_VERSION = 4.2;
				TARGETED_DEVICE_FAMILY = "1,2";
				TEST_TARGET_NAME = Login;
			};
			name = Debug;
		};
		CC10340122EA0B0200B10B4F /* Release */ = {
			isa = XCBuildConfiguration;
			buildSettings = {
				ALWAYS_EMBED_SWIFT_STANDARD_LIBRARIES = YES;
				CODE_SIGN_STYLE = Automatic;
				DEVELOPMENT_TEAM = Y3ZZN8K8BV;
				INFOPLIST_FILE = LoginUITests/Info.plist;
				LD_RUNPATH_SEARCH_PATHS = (
					"$(inherited)",
					"@executable_path/Frameworks",
					"@loader_path/Frameworks",
				);
				PRODUCT_BUNDLE_IDENTIFIER = iamkaivianna.LoginUITests;
				PRODUCT_NAME = "$(TARGET_NAME)";
				SWIFT_VERSION = 4.2;
				TARGETED_DEVICE_FAMILY = "1,2";
				TEST_TARGET_NAME = Login;
			};
			name = Release;
		};
/* End XCBuildConfiguration section */

/* Begin XCConfigurationList section */
		CC1033CC22EA0B0000B10B4F /* Build configuration list for PBXProject "Login" */ = {
			isa = XCConfigurationList;
			buildConfigurations = (
				CC1033F722EA0B0200B10B4F /* Debug */,
				CC1033F822EA0B0200B10B4F /* Release */,
			);
			defaultConfigurationIsVisible = 0;
			defaultConfigurationName = Release;
		};
		CC1033F922EA0B0200B10B4F /* Build configuration list for PBXNativeTarget "Login" */ = {
			isa = XCConfigurationList;
			buildConfigurations = (
				CC1033FA22EA0B0200B10B4F /* Debug */,
				CC1033FB22EA0B0200B10B4F /* Release */,
			);
			defaultConfigurationIsVisible = 0;
			defaultConfigurationName = Release;
		};
		CC1033FC22EA0B0200B10B4F /* Build configuration list for PBXNativeTarget "LoginTests" */ = {
			isa = XCConfigurationList;
			buildConfigurations = (
				CC1033FD22EA0B0200B10B4F /* Debug */,
				CC1033FE22EA0B0200B10B4F /* Release */,
			);
			defaultConfigurationIsVisible = 0;
			defaultConfigurationName = Release;
		};
		CC1033FF22EA0B0200B10B4F /* Build configuration list for PBXNativeTarget "LoginUITests" */ = {
			isa = XCConfigurationList;
			buildConfigurations = (
				CC10340022EA0B0200B10B4F /* Debug */,
				CC10340122EA0B0200B10B4F /* Release */,
			);
			defaultConfigurationIsVisible = 0;
			defaultConfigurationName = Release;
		};
/* End XCConfigurationList section */
	};
	rootObject = CC1033C922EA0B0000B10B4F /* Project object */;
}
